
Microsoft Visual Studio Solution File, Format Version 12.00
# Visual Studio Version 17
VisualStudioVersion = 17.11.35327.3
MinimumVisualStudioVersion = 10.0.40219.1
Project("{8BC9CEB8-8B4A-11D0-8D11-00A0C91BC942}") = "IMDB", "IMDB\IMDB.vcxproj", "{2775FEFB-0EF7-450C-870A-D38FA40A43A8}"
EndProject
Global
	GlobalSection(SolutionConfigurationPlatforms) = preSolution
		Debug|x64 = Debug|x64
		Debug|x86 = Debug|x86
		Release|x64 = Release|x64
		Release|x86 = Release|x86
	EndGlobalSection
	GlobalSection(ProjectConfigurationPlatforms) = postSolution
		{2775FEFB-0EF7-450C-870A-D38FA40A43A8}.Debug|x64.ActiveCfg = Debug|x64
		{2775FEFB-0EF7-450C-870A-D38FA40A43A8}.Debug|x64.Build.0 = Debug|x64
		{2775FEFB-0EF7-450C-870A-D38FA40A43A8}.Debug|x86.ActiveCfg = Debug|Win32
		{2775FEFB-0EF7-450C-870A-D38FA40A43A8}.Debug|x86.Build.0 = Debug|Win32
		{2775FEFB-0EF7-450C-870A-D38FA40A43A8}.Release|x64.ActiveCfg = Release|x64
		{2775FEFB-0EF7-450C-870A-D38FA40A43A8}.Release|x64.Build.0 = Release|x64
		{2775FEFB-0EF7-450C-870A-D38FA40A43A8}.Release|x86.ActiveCfg = Release|Win32
		{2775FEFB-0EF7-450C-870A-D38FA40A43A8}.Release|x86.Build.0 = Release|Win32
	EndGlobalSection
	GlobalSection(SolutionProperties) = preSolution
		HideSolutionNode = FALSE
	EndGlobalSection
	GlobalSection(ExtensibilityGlobals) = postSolution
		SolutionGuid = {FBD6E70E-9C50-4206-A4AC-D3D36C463E30}
	EndGlobalSection
EndGlobal
